
Microsoft Visual Studio Solution File, Format Version 12.00
# Visual Studio Version 17
VisualStudioVersion = 17.0.32014.148
MinimumVisualStudioVersion = 10.0.40219.1
Project("{FAE04EC0-301F-11D3-BF4B-00C04F79EFBC}") = "BeerCollection.API", "BeerCollection.API\BeerCollection.API.csproj", "{0DA1163E-F2C0-428F-914A-687A89AC7E65}"
EndProject
Global
	GlobalSection(SolutionConfigurationPlatforms) = preSolution
		Debug|Any CPU = Debug|Any CPU
		Release|Any CPU = Release|Any CPU
	EndGlobalSection
	GlobalSection(ProjectConfigurationPlatforms) = postSolution
		{0DA1163E-F2C0-428F-914A-687A89AC7E65}.Debug|Any CPU.ActiveCfg = Debug|Any CPU
		{0DA1163E-F2C0-428F-914A-687A89AC7E65}.Debug|Any CPU.Build.0 = Debug|Any CPU
		{0DA1163E-F2C0-428F-914A-687A89AC7E65}.Release|Any CPU.ActiveCfg = Release|Any CPU
		{0DA1163E-F2C0-428F-914A-687A89AC7E65}.Release|Any CPU.Build.0 = Release|Any CPU
	EndGlobalSection
	GlobalSection(SolutionProperties) = preSolution
		HideSolutionNode = FALSE
	EndGlobalSection
	GlobalSection(ExtensibilityGlobals) = postSolution
		SolutionGuid = {8D3F7141-5301-4D3D-8554-1DECFF2F5A43}
	EndGlobalSection
EndGlobal
